// !$*UTF8*$!
{
	archiveVersion = 1;
	classes = {
	};
	objectVersion = 46;
	objects = {

/* Begin PBXBuildFile section */
		4FEC6DB319AF1A7600C9DAA8 /* Foundation.framework in Frameworks */ = {isa = PBXBuildFile; fileRef = 4FEC6DB219AF1A7600C9DAA8 /* Foundation.framework */; };
		4FEC6DB519AF1A7600C9DAA8 /* CoreGraphics.framework in Frameworks */ = {isa = PBXBuildFile; fileRef = 4FEC6DB419AF1A7600C9DAA8 /* CoreGraphics.framework */; };
		4FEC6DB719AF1A7600C9DAA8 /* UIKit.framework in Frameworks */ = {isa = PBXBuildFile; fileRef = 4FEC6DB619AF1A7600C9DAA8 /* UIKit.framework */; };
		4FEC6DBD19AF1A7600C9DAA8 /* InfoPlist.strings in Resources */ = {isa = PBXBuildFile; fileRef = 4FEC6DBB19AF1A7600C9DAA8 /* InfoPlist.strings */; };
		4FEC6DBF19AF1A7600C9DAA8 /* main.m in Sources */ = {isa = PBXBuildFile; fileRef = 4FEC6DBE19AF1A7600C9DAA8 /* main.m */; };
		4FEC6DC319AF1A7600C9DAA8 /* KLBAppDelegate.m in Sources */ = {isa = PBXBuildFile; fileRef = 4FEC6DC219AF1A7600C9DAA8 /* KLBAppDelegate.m */; };
		4FEC6DC519AF1A7600C9DAA8 /* Images.xcassets in Resources */ = {isa = PBXBuildFile; fileRef = 4FEC6DC419AF1A7600C9DAA8 /* Images.xcassets */; };
		4FEC6DCC19AF1A7600C9DAA8 /* XCTest.framework in Frameworks */ = {isa = PBXBuildFile; fileRef = 4FEC6DCB19AF1A7600C9DAA8 /* XCTest.framework */; };
		4FEC6DCD19AF1A7600C9DAA8 /* Foundation.framework in Frameworks */ = {isa = PBXBuildFile; fileRef = 4FEC6DB219AF1A7600C9DAA8 /* Foundation.framework */; };
		4FEC6DCE19AF1A7600C9DAA8 /* UIKit.framework in Frameworks */ = {isa = PBXBuildFile; fileRef = 4FEC6DB619AF1A7600C9DAA8 /* UIKit.framework */; };
		4FEC6DD619AF1A7600C9DAA8 /* InfoPlist.strings in Resources */ = {isa = PBXBuildFile; fileRef = 4FEC6DD419AF1A7600C9DAA8 /* InfoPlist.strings */; };
		4FEC6DD819AF1A7600C9DAA8 /* Battle_of_BladesTests.m in Sources */ = {isa = PBXBuildFile; fileRef = 4FEC6DD719AF1A7600C9DAA8 /* Battle_of_BladesTests.m */; };
/* End PBXBuildFile section */

/* Begin PBXContainerItemProxy section */
		4FEC6DCF19AF1A7600C9DAA8 /* PBXContainerItemProxy */ = {
			isa = PBXContainerItemProxy;
			containerPortal = 4FEC6DA719AF1A7600C9DAA8 /* Project object */;
			proxyType = 1;
			remoteGlobalIDString = 4FEC6DAE19AF1A7600C9DAA8;
			remoteInfo = "Battle of Blades";
		};
/* End PBXContainerItemProxy section */

/* Begin PBXFileReference section */
		4FEC6DAF19AF1A7600C9DAA8 /* Battle of Blades.app */ = {isa = PBXFileReference; explicitFileType = wrapper.application; includeInIndex = 0; path = "Battle of Blades.app"; sourceTree = BUILT_PRODUCTS_DIR; };
		4FEC6DB219AF1A7600C9DAA8 /* Foundation.framework */ = {isa = PBXFileReference; lastKnownFileType = wrapper.framework; name = Foundation.framework; path = System/Library/Frameworks/Foundation.framework; sourceTree = SDKROOT; };
		4FEC6DB419AF1A7600C9DAA8 /* CoreGraphics.framework */ = {isa = PBXFileReference; lastKnownFileType = wrapper.framework; name = CoreGraphics.framework; path = System/Library/Frameworks/CoreGraphics.framework; sourceTree = SDKROOT; };
		4FEC6DB619AF1A7600C9DAA8 /* UIKit.framework */ = {isa = PBXFileReference; lastKnownFileType = wrapper.framework; name = UIKit.framework; path = System/Library/Frameworks/UIKit.framework; sourceTree = SDKROOT; };
		4FEC6DBA19AF1A7600C9DAA8 /* Battle of Blades-Info.plist */ = {isa = PBXFileReference; lastKnownFileType = text.plist.xml; path = "Battle of Blades-Info.plist"; sourceTree = "<group>"; };
		4FEC6DBC19AF1A7600C9DAA8 /* en */ = {isa = PBXFileReference; lastKnownFileType = text.plist.strings; name = en; path = en.lproj/InfoPlist.strings; sourceTree = "<group>"; };
		4FEC6DBE19AF1A7600C9DAA8 /* main.m */ = {isa = PBXFileReference; lastKnownFileType = sourcecode.c.objc; path = main.m; sourceTree = "<group>"; };
		4FEC6DC019AF1A7600C9DAA8 /* Battle of Blades-Prefix.pch */ = {isa = PBXFileReference; lastKnownFileType = sourcecode.c.h; path = "Battle of Blades-Prefix.pch"; sourceTree = "<group>"; };
		4FEC6DC119AF1A7600C9DAA8 /* KLBAppDelegate.h */ = {isa = PBXFileReference; lastKnownFileType = sourcecode.c.h; path = KLBAppDelegate.h; sourceTree = "<group>"; };
		4FEC6DC219AF1A7600C9DAA8 /* KLBAppDelegate.m */ = {isa = PBXFileReference; lastKnownFileType = sourcecode.c.objc; path = KLBAppDelegate.m; sourceTree = "<group>"; };
		4FEC6DC419AF1A7600C9DAA8 /* Images.xcassets */ = {isa = PBXFileReference; lastKnownFileType = folder.assetcatalog; path = Images.xcassets; sourceTree = "<group>"; };
		4FEC6DCA19AF1A7600C9DAA8 /* Battle of BladesTests.xctest */ = {isa = PBXFileReference; explicitFileType = wrapper.cfbundle; includeInIndex = 0; path = "Battle of BladesTests.xctest"; sourceTree = BUILT_PRODUCTS_DIR; };
		4FEC6DCB19AF1A7600C9DAA8 /* XCTest.framework */ = {isa = PBXFileReference; lastKnownFileType = wrapper.framework; name = XCTest.framework; path = Library/Frameworks/XCTest.framework; sourceTree = DEVELOPER_DIR; };
		4FEC6DD319AF1A7600C9DAA8 /* Battle of BladesTests-Info.plist */ = {isa = PBXFileReference; lastKnownFileType = text.plist.xml; path = "Battle of BladesTests-Info.plist"; sourceTree = "<group>"; };
		4FEC6DD519AF1A7600C9DAA8 /* en */ = {isa = PBXFileReference; lastKnownFileType = text.plist.strings; name = en; path = en.lproj/InfoPlist.strings; sourceTree = "<group>"; };
		4FEC6DD719AF1A7600C9DAA8 /* Battle_of_BladesTests.m */ = {isa = PBXFileReference; lastKnownFileType = sourcecode.c.objc; path = Battle_of_BladesTests.m; sourceTree = "<group>"; };
/* End PBXFileReference section */

/* Begin PBXFrameworksBuildPhase section */
		4FEC6DAC19AF1A7600C9DAA8 /* Frameworks */ = {
			isa = PBXFrameworksBuildPhase;
			buildActionMask = 2147483647;
			files = (
				4FEC6DB519AF1A7600C9DAA8 /* CoreGraphics.framework in Frameworks */,
				4FEC6DB719AF1A7600C9DAA8 /* UIKit.framework in Frameworks */,
				4FEC6DB319AF1A7600C9DAA8 /* Foundation.framework in Frameworks */,
			);
			runOnlyForDeploymentPostprocessing = 0;
		};
		4FEC6DC719AF1A7600C9DAA8 /* Frameworks */ = {
			isa = PBXFrameworksBuildPhase;
			buildActionMask = 2147483647;
			files = (
				4FEC6DCC19AF1A7600C9DAA8 /* XCTest.framework in Frameworks */,
				4FEC6DCE19AF1A7600C9DAA8 /* UIKit.framework in Frameworks */,
				4FEC6DCD19AF1A7600C9DAA8 /* Foundation.framework in Frameworks */,
			);
			runOnlyForDeploymentPostprocessing = 0;
		};
/* End PBXFrameworksBuildPhase section */

/* Begin PBXGroup section */
		4FEC6DA619AF1A7600C9DAA8 = {
			isa = PBXGroup;
			children = (
				4FEC6DB819AF1A7600C9DAA8 /* Battle of Blades */,
				4FEC6DD119AF1A7600C9DAA8 /* Battle of BladesTests */,
				4FEC6DB119AF1A7600C9DAA8 /* Frameworks */,
				4FEC6DB019AF1A7600C9DAA8 /* Products */,
			);
			sourceTree = "<group>";
		};
		4FEC6DB019AF1A7600C9DAA8 /* Products */ = {
			isa = PBXGroup;
			children = (
				4FEC6DAF19AF1A7600C9DAA8 /* Battle of Blades.app */,
				4FEC6DCA19AF1A7600C9DAA8 /* Battle of BladesTests.xctest */,
			);
			name = Products;
			sourceTree = "<group>";
		};
		4FEC6DB119AF1A7600C9DAA8 /* Frameworks */ = {
			isa = PBXGroup;
			children = (
				4FEC6DB219AF1A7600C9DAA8 /* Foundation.framework */,
				4FEC6DB419AF1A7600C9DAA8 /* CoreGraphics.framework */,
				4FEC6DB619AF1A7600C9DAA8 /* UIKit.framework */,
				4FEC6DCB19AF1A7600C9DAA8 /* XCTest.framework */,
			);
			name = Frameworks;
			sourceTree = "<group>";
		};
		4FEC6DB819AF1A7600C9DAA8 /* Battle of Blades */ = {
			isa = PBXGroup;
			children = (
				4FEC6DC119AF1A7600C9DAA8 /* KLBAppDelegate.h */,
				4FEC6DC219AF1A7600C9DAA8 /* KLBAppDelegate.m */,
				4FEC6DC419AF1A7600C9DAA8 /* Images.xcassets */,
				4FEC6DB919AF1A7600C9DAA8 /* Supporting Files */,
			);
			path = "Battle of Blades";
			sourceTree = "<group>";
		};
		4FEC6DB919AF1A7600C9DAA8 /* Supporting Files */ = {
			isa = PBXGroup;
			children = (
				4FEC6DBA19AF1A7600C9DAA8 /* Battle of Blades-Info.plist */,
				4FEC6DBB19AF1A7600C9DAA8 /* InfoPlist.strings */,
				4FEC6DBE19AF1A7600C9DAA8 /* main.m */,
				4FEC6DC019AF1A7600C9DAA8 /* Battle of Blades-Prefix.pch */,
			);
			name = "Supporting Files";
			sourceTree = "<group>";
		};
		4FEC6DD119AF1A7600C9DAA8 /* Battle of BladesTests */ = {
			isa = PBXGroup;
			children = (
				4FEC6DD719AF1A7600C9DAA8 /* Battle_of_BladesTests.m */,
				4FEC6DD219AF1A7600C9DAA8 /* Supporting Files */,
			);
			path = "Battle of BladesTests";
			sourceTree = "<group>";
		};
		4FEC6DD219AF1A7600C9DAA8 /* Supporting Files */ = {
			isa = PBXGroup;
			children = (
				4FEC6DD319AF1A7600C9DAA8 /* Battle of BladesTests-Info.plist */,
				4FEC6DD419AF1A7600C9DAA8 /* InfoPlist.strings */,
			);
			name = "Supporting Files";
			sourceTree = "<group>";
		};
/* End PBXGroup section */

/* Begin PBXNativeTarget section */
		4FEC6DAE19AF1A7600C9DAA8 /* Battle of Blades */ = {
			isa = PBXNativeTarget;
			buildConfigurationList = 4FEC6DDB19AF1A7600C9DAA8 /* Build configuration list for PBXNativeTarget "Battle of Blades" */;
			buildPhases = (
				4FEC6DAB19AF1A7600C9DAA8 /* Sources */,
				4FEC6DAC19AF1A7600C9DAA8 /* Frameworks */,
				4FEC6DAD19AF1A7600C9DAA8 /* Resources */,
			);
			buildRules = (
			);
			dependencies = (
			);
			name = "Battle of Blades";
			productName = "Battle of Blades";
			productReference = 4FEC6DAF19AF1A7600C9DAA8 /* Battle of Blades.app */;
			productType = "com.apple.product-type.application";
		};
		4FEC6DC919AF1A7600C9DAA8 /* Battle of BladesTests */ = {
			isa = PBXNativeTarget;
			buildConfigurationList = 4FEC6DDE19AF1A7600C9DAA8 /* Build configuration list for PBXNativeTarget "Battle of BladesTests" */;
			buildPhases = (
				4FEC6DC619AF1A7600C9DAA8 /* Sources */,
				4FEC6DC719AF1A7600C9DAA8 /* Frameworks */,
				4FEC6DC819AF1A7600C9DAA8 /* Resources */,
			);
			buildRules = (
			);
			dependencies = (
				4FEC6DD019AF1A7600C9DAA8 /* PBXTargetDependency */,
			);
			name = "Battle of BladesTests";
			productName = "Battle of BladesTests";
			productReference = 4FEC6DCA19AF1A7600C9DAA8 /* Battle of BladesTests.xctest */;
			productType = "com.apple.product-type.bundle.unit-test";
		};
/* End PBXNativeTarget section */

/* Begin PBXProject section */
		4FEC6DA719AF1A7600C9DAA8 /* Project object */ = {
			isa = PBXProject;
			attributes = {
				CLASSPREFIX = KLB;
				LastUpgradeCheck = 0510;
				ORGANIZATIONNAME = "KLab Cyscorpions, Inc.";
				TargetAttributes = {
					4FEC6DC919AF1A7600C9DAA8 = {
						TestTargetID = 4FEC6DAE19AF1A7600C9DAA8;
					};
				};
			};
			buildConfigurationList = 4FEC6DAA19AF1A7600C9DAA8 /* Build configuration list for PBXProject "Battle of Blades" */;
			compatibilityVersion = "Xcode 3.2";
			developmentRegion = English;
			hasScannedForEncodings = 0;
			knownRegions = (
				en,
			);
			mainGroup = 4FEC6DA619AF1A7600C9DAA8;
			productRefGroup = 4FEC6DB019AF1A7600C9DAA8 /* Products */;
			projectDirPath = "";
			projectRoot = "";
			targets = (
				4FEC6DAE19AF1A7600C9DAA8 /* Battle of Blades */,
				4FEC6DC919AF1A7600C9DAA8 /* Battle of BladesTests */,
			);
		};
/* End PBXProject section */

/* Begin PBXResourcesBuildPhase section */
		4FEC6DAD19AF1A7600C9DAA8 /* Resources */ = {
			isa = PBXResourcesBuildPhase;
			buildActionMask = 2147483647;
			files = (
				4FEC6DBD19AF1A7600C9DAA8 /* InfoPlist.strings in Resources */,
				4FEC6DC519AF1A7600C9DAA8 /* Images.xcassets in Resources */,
			);
			runOnlyForDeploymentPostprocessing = 0;
		};
		4FEC6DC819AF1A7600C9DAA8 /* Resources */ = {
			isa = PBXResourcesBuildPhase;
			buildActionMask = 2147483647;
			files = (
				4FEC6DD619AF1A7600C9DAA8 /* InfoPlist.strings in Resources */,
			);
			runOnlyForDeploymentPostprocessing = 0;
		};
/* End PBXResourcesBuildPhase section */

/* Begin PBXSourcesBuildPhase section */
		4FEC6DAB19AF1A7600C9DAA8 /* Sources */ = {
			isa = PBXSourcesBuildPhase;
			buildActionMask = 2147483647;
			files = (
				4FEC6DC319AF1A7600C9DAA8 /* KLBAppDelegate.m in Sources */,
				4FEC6DBF19AF1A7600C9DAA8 /* main.m in Sources */,
			);
			runOnlyForDeploymentPostprocessing = 0;
		};
		4FEC6DC619AF1A7600C9DAA8 /* Sources */ = {
			isa = PBXSourcesBuildPhase;
			buildActionMask = 2147483647;
			files = (
				4FEC6DD819AF1A7600C9DAA8 /* Battle_of_BladesTests.m in Sources */,
			);
			runOnlyForDeploymentPostprocessing = 0;
		};
/* End PBXSourcesBuildPhase section */

/* Begin PBXTargetDependency section */
		4FEC6DD019AF1A7600C9DAA8 /* PBXTargetDependency */ = {
			isa = PBXTargetDependency;
			target = 4FEC6DAE19AF1A7600C9DAA8 /* Battle of Blades */;
			targetProxy = 4FEC6DCF19AF1A7600C9DAA8 /* PBXContainerItemProxy */;
		};
/* End PBXTargetDependency section */

/* Begin PBXVariantGroup section */
		4FEC6DBB19AF1A7600C9DAA8 /* InfoPlist.strings */ = {
			isa = PBXVariantGroup;
			children = (
				4FEC6DBC19AF1A7600C9DAA8 /* en */,
			);
			name = InfoPlist.strings;
			sourceTree = "<group>";
		};
		4FEC6DD419AF1A7600C9DAA8 /* InfoPlist.strings */ = {
			isa = PBXVariantGroup;
			children = (
				4FEC6DD519AF1A7600C9DAA8 /* en */,
			);
			name = InfoPlist.strings;
			sourceTree = "<group>";
		};
/* End PBXVariantGroup section */

/* Begin XCBuildConfiguration section */
		4FEC6DD919AF1A7600C9DAA8 /* Debug */ = {
			isa = XCBuildConfiguration;
			buildSettings = {
				ALWAYS_SEARCH_USER_PATHS = NO;
				CLANG_CXX_LANGUAGE_STANDARD = "gnu++0x";
				CLANG_CXX_LIBRARY = "libc++";
				CLANG_ENABLE_MODULES = YES;
				CLANG_ENABLE_OBJC_ARC = YES;
				CLANG_WARN_BOOL_CONVERSION = YES;
				CLANG_WARN_CONSTANT_CONVERSION = YES;
				CLANG_WARN_DIRECT_OBJC_ISA_USAGE = YES_ERROR;
				CLANG_WARN_EMPTY_BODY = YES;
				CLANG_WARN_ENUM_CONVERSION = YES;
				CLANG_WARN_INT_CONVERSION = YES;
				CLANG_WARN_OBJC_ROOT_CLASS = YES_ERROR;
				CLANG_WARN__DUPLICATE_METHOD_MATCH = YES;
				"CODE_SIGN_IDENTITY[sdk=iphoneos*]" = "iPhone Developer";
				COPY_PHASE_STRIP = NO;
				GCC_C_LANGUAGE_STANDARD = gnu99;
				GCC_DYNAMIC_NO_PIC = NO;
				GCC_OPTIMIZATION_LEVEL = 0;
				GCC_PREPROCESSOR_DEFINITIONS = (
					"DEBUG=1",
					"$(inherited)",
				);
				GCC_SYMBOLS_PRIVATE_EXTERN = NO;
				GCC_WARN_64_TO_32_BIT_CONVERSION = YES;
				GCC_WARN_ABOUT_RETURN_TYPE = YES_ERROR;
				GCC_WARN_UNDECLARED_SELECTOR = YES;
				GCC_WARN_UNINITIALIZED_AUTOS = YES_AGGRESSIVE;
				GCC_WARN_UNUSED_FUNCTION = YES;
				GCC_WARN_UNUSED_VARIABLE = YES;
				IPHONEOS_DEPLOYMENT_TARGET = 7.1;
				ONLY_ACTIVE_ARCH = YES;
				SDKROOT = iphoneos;
			};
			name = Debug;
		};
		4FEC6DDA19AF1A7600C9DAA8 /* Release */ = {
			isa = XCBuildConfiguration;
			buildSettings = {
				ALWAYS_SEARCH_USER_PATHS = NO;
				CLANG_CXX_LANGUAGE_STANDARD = "gnu++0x";
				CLANG_CXX_LIBRARY = "libc++";
				CLANG_ENABLE_MODULES = YES;
				CLANG_ENABLE_OBJC_ARC = YES;
				CLANG_WARN_BOOL_CONVERSION = YES;
				CLANG_WARN_CONSTANT_CONVERSION = YES;
				CLANG_WARN_DIRECT_OBJC_ISA_USAGE = YES_ERROR;
				CLANG_WARN_EMPTY_BODY = YES;
				CLANG_WARN_ENUM_CONVERSION = YES;
				CLANG_WARN_INT_CONVERSION = YES;
				CLANG_WARN_OBJC_ROOT_CLASS = YES_ERROR;
				CLANG_WARN__DUPLICATE_METHOD_MATCH = YES;
				"CODE_SIGN_IDENTITY[sdk=iphoneos*]" = "iPhone Developer";
				COPY_PHASE_STRIP = YES;
				ENABLE_NS_ASSERTIONS = NO;
				GCC_C_LANGUAGE_STANDARD = gnu99;
				GCC_WARN_64_TO_32_BIT_CONVERSION = YES;
				GCC_WARN_ABOUT_RETURN_TYPE = YES_ERROR;
				GCC_WARN_UNDECLARED_SELECTOR = YES;
				GCC_WARN_UNINITIALIZED_AUTOS = YES_AGGRESSIVE;
				GCC_WARN_UNUSED_FUNCTION = YES;
				GCC_WARN_UNUSED_VARIABLE = YES;
				IPHONEOS_DEPLOYMENT_TARGET = 7.1;
				SDKROOT = iphoneos;
				VALIDATE_PRODUCT = YES;
			};
			name = Release;
		};
		4FEC6DDC19AF1A7600C9DAA8 /* Debug */ = {
			isa = XCBuildConfiguration;
			buildSettings = {
				ASSETCATALOG_COMPILER_APPICON_NAME = AppIcon;
				ASSETCATALOG_COMPILER_LAUNCHIMAGE_NAME = LaunchImage;
				GCC_PRECOMPILE_PREFIX_HEADER = YES;
				GCC_PREFIX_HEADER = "Battle of Blades/Battle of Blades-Prefix.pch";
				INFOPLIST_FILE = "Battle of Blades/Battle of Blades-Info.plist";
				PRODUCT_NAME = "$(TARGET_NAME)";
				WRAPPER_EXTENSION = app;
			};
			name = Debug;
		};
		4FEC6DDD19AF1A7600C9DAA8 /* Release */ = {
			isa = XCBuildConfiguration;
			buildSettings = {
				ASSETCATALOG_COMPILER_APPICON_NAME = AppIcon;
				ASSETCATALOG_COMPILER_LAUNCHIMAGE_NAME = LaunchImage;
				GCC_PRECOMPILE_PREFIX_HEADER = YES;
				GCC_PREFIX_HEADER = "Battle of Blades/Battle of Blades-Prefix.pch";
				INFOPLIST_FILE = "Battle of Blades/Battle of Blades-Info.plist";
				PRODUCT_NAME = "$(TARGET_NAME)";
				WRAPPER_EXTENSION = app;
			};
			name = Release;
		};
		4FEC6DDF19AF1A7600C9DAA8 /* Debug */ = {
			isa = XCBuildConfiguration;
			buildSettings = {
				BUNDLE_LOADER = "$(BUILT_PRODUCTS_DIR)/Battle of Blades.app/Battle of Blades";
				FRAMEWORK_SEARCH_PATHS = (
					"$(SDKROOT)/Developer/Library/Frameworks",
					"$(inherited)",
					"$(DEVELOPER_FRAMEWORKS_DIR)",
				);
				GCC_PRECOMPILE_PREFIX_HEADER = YES;
				GCC_PREFIX_HEADER = "Battle of Blades/Battle of Blades-Prefix.pch";
				GCC_PREPROCESSOR_DEFINITIONS = (
					"DEBUG=1",
					"$(inherited)",
				);
				INFOPLIST_FILE = "Battle of BladesTests/Battle of BladesTests-Info.plist";
				PRODUCT_NAME = "$(TARGET_NAME)";
				TEST_HOST = "$(BUNDLE_LOADER)";
				WRAPPER_EXTENSION = xctest;
			};
			name = Debug;
		};
		4FEC6DE019AF1A7600C9DAA8 /* Release */ = {
			isa = XCBuildConfiguration;
			buildSettings = {
				BUNDLE_LOADER = "$(BUILT_PRODUCTS_DIR)/Battle of Blades.app/Battle of Blades";
				FRAMEWORK_SEARCH_PATHS = (
					"$(SDKROOT)/Developer/Library/Frameworks",
					"$(inherited)",
					"$(DEVELOPER_FRAMEWORKS_DIR)",
				);
				GCC_PRECOMPILE_PREFIX_HEADER = YES;
				GCC_PREFIX_HEADER = "Battle of Blades/Battle of Blades-Prefix.pch";
				INFOPLIST_FILE = "Battle of BladesTests/Battle of BladesTests-Info.plist";
				PRODUCT_NAME = "$(TARGET_NAME)";
				TEST_HOST = "$(BUNDLE_LOADER)";
				WRAPPER_EXTENSION = xctest;
			};
			name = Release;
		};
/* End XCBuildConfiguration section */

/* Begin XCConfigurationList section */
		4FEC6DAA19AF1A7600C9DAA8 /* Build configuration list for PBXProject "Battle of Blades" */ = {
			isa = XCConfigurationList;
			buildConfigurations = (
				4FEC6DD919AF1A7600C9DAA8 /* Debug */,
				4FEC6DDA19AF1A7600C9DAA8 /* Release */,
			);
			defaultConfigurationIsVisible = 0;
			defaultConfigurationName = Release;
		};
		4FEC6DDB19AF1A7600C9DAA8 /* Build configuration list for PBXNativeTarget "Battle of Blades" */ = {
			isa = XCConfigurationList;
			buildConfigurations = (
				4FEC6DDC19AF1A7600C9DAA8 /* Debug */,
				4FEC6DDD19AF1A7600C9DAA8 /* Release */,
			);
			defaultConfigurationIsVisible = 0;
		};
		4FEC6DDE19AF1A7600C9DAA8 /* Build configuration list for PBXNativeTarget "Battle of BladesTests" */ = {
			isa = XCConfigurationList;
			buildConfigurations = (
				4FEC6DDF19AF1A7600C9DAA8 /* Debug */,
				4FEC6DE019AF1A7600C9DAA8 /* Release */,
			);
			defaultConfigurationIsVisible = 0;
		};
/* End XCConfigurationList section */
	};
	rootObject = 4FEC6DA719AF1A7600C9DAA8 /* Project object */;
}
